
Microsoft Visual Studio Solution File, Format Version 11.00
# Visual Studio 2010
Project("{FAE04EC0-301F-11D3-BF4B-00C04F79EFBC}") = "MyBl", "MyBl\MyBl.csproj", "{FD5FE1FE-56E3-4624-8E17-48D28D7AC980}"
EndProject
Global
	GlobalSection(SolutionConfigurationPlatforms) = preSolution
		Debug|Any CPU = Debug|Any CPU
		Release|Any CPU = Release|Any CPU
	EndGlobalSection
	GlobalSection(ProjectConfigurationPlatforms) = postSolution
		{FD5FE1FE-56E3-4624-8E17-48D28D7AC980}.Debug|Any CPU.ActiveCfg = Debug|Any CPU
		{FD5FE1FE-56E3-4624-8E17-48D28D7AC980}.Debug|Any CPU.Build.0 = Debug|Any CPU
		{FD5FE1FE-56E3-4624-8E17-48D28D7AC980}.Release|Any CPU.ActiveCfg = Release|Any CPU
		{FD5FE1FE-56E3-4624-8E17-48D28D7AC980}.Release|Any CPU.Build.0 = Release|Any CPU
	EndGlobalSection
	GlobalSection(SolutionProperties) = preSolution
		HideSolutionNode = FALSE
	EndGlobalSection
EndGlobal
